
Microsoft Visual Studio Solution File, Format Version 12.00
# Visual Studio Version 17
VisualStudioVersion = 17.6.33717.318
MinimumVisualStudioVersion = 10.0.40219.1
Project("{FAE04EC0-301F-11D3-BF4B-00C04F79EFBC}") = "GameTemplate", "GameTemplate.csproj", "{B52A2462-62DB-46D3-B560-96C4A74F96CC}"
EndProject
Global
	GlobalSection(SolutionConfigurationPlatforms) = preSolution
		Debug|Any CPU = Debug|Any CPU
		Release|Any CPU = Release|Any CPU
	EndGlobalSection
	GlobalSection(ProjectConfigurationPlatforms) = postSolution
		{B52A2462-62DB-46D3-B560-96C4A74F96CC}.Debug|Any CPU.ActiveCfg = Debug|Any CPU
		{B52A2462-62DB-46D3-B560-96C4A74F96CC}.Debug|Any CPU.Build.0 = Debug|Any CPU
		{B52A2462-62DB-46D3-B560-96C4A74F96CC}.Release|Any CPU.ActiveCfg = Release|Any CPU
		{B52A2462-62DB-46D3-B560-96C4A74F96CC}.Release|Any CPU.Build.0 = Release|Any CPU
	EndGlobalSection
	GlobalSection(SolutionProperties) = preSolution
		HideSolutionNode = FALSE
	EndGlobalSection
	GlobalSection(ExtensibilityGlobals) = postSolution
		SolutionGuid = {8FD517E4-3AF7-4939-9909-D74C7E36357C}
	EndGlobalSection
EndGlobal
